
Microsoft Visual Studio Solution File, Format Version 12.00
# Visual Studio 15
VisualStudioVersion = 15.0.27004.2005
MinimumVisualStudioVersion = 10.0.40219.1
Project("{FAE04EC0-301F-11D3-BF4B-00C04F79EFBC}") = "WinFormDesign", "WinFormDesign\WinFormDesign.csproj", "{C6E57DD6-546C-414F-A421-4702AFC2CDDB}"
EndProject
Global
	GlobalSection(SolutionConfigurationPlatforms) = preSolution
		Debug|Any CPU = Debug|Any CPU
		Debug|x86 = Debug|x86
		Release|Any CPU = Release|Any CPU
		Release|x86 = Release|x86
	EndGlobalSection
	GlobalSection(ProjectConfigurationPlatforms) = postSolution
		{C6E57DD6-546C-414F-A421-4702AFC2CDDB}.Debug|Any CPU.ActiveCfg = Debug|Any CPU
		{C6E57DD6-546C-414F-A421-4702AFC2CDDB}.Debug|Any CPU.Build.0 = Debug|Any CPU
		{C6E57DD6-546C-414F-A421-4702AFC2CDDB}.Debug|x86.ActiveCfg = Debug|x86
		{C6E57DD6-546C-414F-A421-4702AFC2CDDB}.Debug|x86.Build.0 = Debug|x86
		{C6E57DD6-546C-414F-A421-4702AFC2CDDB}.Release|Any CPU.ActiveCfg = Release|Any CPU
		{C6E57DD6-546C-414F-A421-4702AFC2CDDB}.Release|Any CPU.Build.0 = Release|Any CPU
		{C6E57DD6-546C-414F-A421-4702AFC2CDDB}.Release|x86.ActiveCfg = Release|x86
		{C6E57DD6-546C-414F-A421-4702AFC2CDDB}.Release|x86.Build.0 = Release|x86
	EndGlobalSection
	GlobalSection(SolutionProperties) = preSolution
		HideSolutionNode = FALSE
	EndGlobalSection
	GlobalSection(ExtensibilityGlobals) = postSolution
		SolutionGuid = {ED5A2AE8-2EE8-4006-8E0A-D9A78E48F932}
	EndGlobalSection
EndGlobal
